
Microsoft Visual Studio Solution File, Format Version 12.00
# Visual Studio Version 18
VisualStudioVersion = 18.2.11415.280 d18.0
MinimumVisualStudioVersion = 10.0.40219.1
Project("{FAE04EC0-301F-11D3-BF4B-00C04F79EFBC}") = "SentinelCore", "SentinelCore\SentinelCore.csproj", "{A9072662-F280-4798-A157-1DE484A44085}"
EndProject
Project("{FAE04EC0-301F-11D3-BF4B-00C04F79EFBC}") = "SentinelFileWorker", "SentinelFileWorker\SentinelFileWorker.csproj", "{5915C0A6-4F30-4A28-90F9-C21F8BEE0D55}"
EndProject
Project("{FAE04EC0-301F-11D3-BF4B-00C04F79EFBC}") = "SentinelWebApi", "SentinelWebApi\SentinelWebApi.csproj", "{D3338D93-C68F-4065-93A1-10B53B00885A}"
EndProject
Global
	GlobalSection(SolutionConfigurationPlatforms) = preSolution
		Debug|Any CPU = Debug|Any CPU
		Debug|x64 = Debug|x64
		Debug|x86 = Debug|x86
		Release|Any CPU = Release|Any CPU
		Release|x64 = Release|x64
		Release|x86 = Release|x86
	EndGlobalSection
	GlobalSection(ProjectConfigurationPlatforms) = postSolution
		{A9072662-F280-4798-A157-1DE484A44085}.Debug|Any CPU.ActiveCfg = Debug|Any CPU
		{A9072662-F280-4798-A157-1DE484A44085}.Debug|Any CPU.Build.0 = Debug|Any CPU
		{A9072662-F280-4798-A157-1DE484A44085}.Debug|x64.ActiveCfg = Debug|Any CPU
		{A9072662-F280-4798-A157-1DE484A44085}.Debug|x64.Build.0 = Debug|Any CPU
		{A9072662-F280-4798-A157-1DE484A44085}.Debug|x86.ActiveCfg = Debug|Any CPU
		{A9072662-F280-4798-A157-1DE484A44085}.Debug|x86.Build.0 = Debug|Any CPU
		{A9072662-F280-4798-A157-1DE484A44085}.Release|Any CPU.ActiveCfg = Release|Any CPU
		{A9072662-F280-4798-A157-1DE484A44085}.Release|Any CPU.Build.0 = Release|Any CPU
		{A9072662-F280-4798-A157-1DE484A44085}.Release|x64.ActiveCfg = Release|Any CPU
		{A9072662-F280-4798-A157-1DE484A44085}.Release|x64.Build.0 = Release|Any CPU
		{A9072662-F280-4798-A157-1DE484A44085}.Release|x86.ActiveCfg = Release|Any CPU
		{A9072662-F280-4798-A157-1DE484A44085}.Release|x86.Build.0 = Release|Any CPU
		{5915C0A6-4F30-4A28-90F9-C21F8BEE0D55}.Debug|Any CPU.ActiveCfg = Debug|Any CPU
		{5915C0A6-4F30-4A28-90F9-C21F8BEE0D55}.Debug|Any CPU.Build.0 = Debug|Any CPU
		{5915C0A6-4F30-4A28-90F9-C21F8BEE0D55}.Debug|x64.ActiveCfg = Debug|Any CPU
		{5915C0A6-4F30-4A28-90F9-C21F8BEE0D55}.Debug|x64.Build.0 = Debug|Any CPU
		{5915C0A6-4F30-4A28-90F9-C21F8BEE0D55}.Debug|x86.ActiveCfg = Debug|Any CPU
		{5915C0A6-4F30-4A28-90F9-C21F8BEE0D55}.Debug|x86.Build.0 = Debug|Any CPU
		{5915C0A6-4F30-4A28-90F9-C21F8BEE0D55}.Release|Any CPU.ActiveCfg = Release|Any CPU
		{5915C0A6-4F30-4A28-90F9-C21F8BEE0D55}.Release|Any CPU.Build.0 = Release|Any CPU
		{5915C0A6-4F30-4A28-90F9-C21F8BEE0D55}.Release|x64.ActiveCfg = Release|Any CPU
		{5915C0A6-4F30-4A28-90F9-C21F8BEE0D55}.Release|x64.Build.0 = Release|Any CPU
		{5915C0A6-4F30-4A28-90F9-C21F8BEE0D55}.Release|x86.ActiveCfg = Release|Any CPU
		{5915C0A6-4F30-4A28-90F9-C21F8BEE0D55}.Release|x86.Build.0 = Release|Any CPU
		{D3338D93-C68F-4065-93A1-10B53B00885A}.Debug|Any CPU.ActiveCfg = Debug|Any CPU
		{D3338D93-C68F-4065-93A1-10B53B00885A}.Debug|Any CPU.Build.0 = Debug|Any CPU
		{D3338D93-C68F-4065-93A1-10B53B00885A}.Debug|x64.ActiveCfg = Debug|Any CPU
		{D3338D93-C68F-4065-93A1-10B53B00885A}.Debug|x64.Build.0 = Debug|Any CPU
		{D3338D93-C68F-4065-93A1-10B53B00885A}.Debug|x86.ActiveCfg = Debug|Any CPU
		{D3338D93-C68F-4065-93A1-10B53B00885A}.Debug|x86.Build.0 = Debug|Any CPU
		{D3338D93-C68F-4065-93A1-10B53B00885A}.Release|Any CPU.ActiveCfg = Release|Any CPU
		{D3338D93-C68F-4065-93A1-10B53B00885A}.Release|Any CPU.Build.0 = Release|Any CPU
		{D3338D93-C68F-4065-93A1-10B53B00885A}.Release|x64.ActiveCfg = Release|Any CPU
		{D3338D93-C68F-4065-93A1-10B53B00885A}.Release|x64.Build.0 = Release|Any CPU
		{D3338D93-C68F-4065-93A1-10B53B00885A}.Release|x86.ActiveCfg = Release|Any CPU
		{D3338D93-C68F-4065-93A1-10B53B00885A}.Release|x86.Build.0 = Release|Any CPU
	EndGlobalSection
	GlobalSection(SolutionProperties) = preSolution
		HideSolutionNode = FALSE
	EndGlobalSection
	GlobalSection(ExtensibilityGlobals) = postSolution
		SolutionGuid = {F3CD4C27-CCC5-469E-A682-0BAA1FC9C599}
	EndGlobalSection
EndGlobal
